
Microsoft Visual Studio Solution File, Format Version 12.00
# Visual Studio Version 16
VisualStudioVersion = 16.0.33927.289
MinimumVisualStudioVersion = 10.0.40219.1
Project("{FAE04EC0-301F-11D3-BF4B-00C04F79EFBC}") = "RemotingServer", "RemotingServer\RemotingServer.csproj", "{DE587ADC-76CA-46A1-8ECC-843A0DB03DD2}"
EndProject
Global
	GlobalSection(SolutionConfigurationPlatforms) = preSolution
		Debug|Any CPU = Debug|Any CPU
		Release|Any CPU = Release|Any CPU
	EndGlobalSection
	GlobalSection(ProjectConfigurationPlatforms) = postSolution
		{DE587ADC-76CA-46A1-8ECC-843A0DB03DD2}.Debug|Any CPU.ActiveCfg = Debug|Any CPU
		{DE587ADC-76CA-46A1-8ECC-843A0DB03DD2}.Debug|Any CPU.Build.0 = Debug|Any CPU
		{DE587ADC-76CA-46A1-8ECC-843A0DB03DD2}.Release|Any CPU.ActiveCfg = Release|Any CPU
		{DE587ADC-76CA-46A1-8ECC-843A0DB03DD2}.Release|Any CPU.Build.0 = Release|Any CPU
	EndGlobalSection
	GlobalSection(SolutionProperties) = preSolution
		HideSolutionNode = FALSE
	EndGlobalSection
	GlobalSection(ExtensibilityGlobals) = postSolution
		SolutionGuid = {9C2DBAD5-5249-4854-9895-EB32E9E478B9}
	EndGlobalSection
EndGlobal
