
Microsoft Visual Studio Solution File, Format Version 12.00
# Visual Studio Version 16
VisualStudioVersion = 16.0.33927.289
MinimumVisualStudioVersion = 10.0.40219.1
Project("{FAE04EC0-301F-11D3-BF4B-00C04F79EFBC}") = "Assignment_06", "Assignment_06\Assignment_06.csproj", "{53D0D3A2-BD75-40BF-8289-A095EC324090}"
EndProject
Project("{FAE04EC0-301F-11D3-BF4B-00C04F79EFBC}") = "Concession", "TotalCost\Concession.csproj", "{CCD36CA3-AEDE-4854-B111-9EAE1E8DDC20}"
EndProject
Global
	GlobalSection(SolutionConfigurationPlatforms) = preSolution
		Debug|Any CPU = Debug|Any CPU
		Release|Any CPU = Release|Any CPU
	EndGlobalSection
	GlobalSection(ProjectConfigurationPlatforms) = postSolution
		{53D0D3A2-BD75-40BF-8289-A095EC324090}.Debug|Any CPU.ActiveCfg = Debug|Any CPU
		{53D0D3A2-BD75-40BF-8289-A095EC324090}.Debug|Any CPU.Build.0 = Debug|Any CPU
		{53D0D3A2-BD75-40BF-8289-A095EC324090}.Release|Any CPU.ActiveCfg = Release|Any CPU
		{53D0D3A2-BD75-40BF-8289-A095EC324090}.Release|Any CPU.Build.0 = Release|Any CPU
		{CCD36CA3-AEDE-4854-B111-9EAE1E8DDC20}.Debug|Any CPU.ActiveCfg = Debug|Any CPU
		{CCD36CA3-AEDE-4854-B111-9EAE1E8DDC20}.Debug|Any CPU.Build.0 = Debug|Any CPU
		{CCD36CA3-AEDE-4854-B111-9EAE1E8DDC20}.Release|Any CPU.ActiveCfg = Release|Any CPU
		{CCD36CA3-AEDE-4854-B111-9EAE1E8DDC20}.Release|Any CPU.Build.0 = Release|Any CPU
	EndGlobalSection
	GlobalSection(SolutionProperties) = preSolution
		HideSolutionNode = FALSE
	EndGlobalSection
	GlobalSection(ExtensibilityGlobals) = postSolution
		SolutionGuid = {5F2CC8B5-CD21-4EFF-AFF1-3CD9088D8C91}
	EndGlobalSection
EndGlobal
