
Microsoft Visual Studio Solution File, Format Version 12.00
# Visual Studio Version 16
VisualStudioVersion = 16.0.33927.289
MinimumVisualStudioVersion = 10.0.40219.1
Project("{FAE04EC0-301F-11D3-BF4B-00C04F79EFBC}") = "Assignment_05", "Assignment_05\Assignment_05.csproj", "{DB537D1A-7A29-44C9-B4AA-4273278D5921}"
EndProject
Global
	GlobalSection(SolutionConfigurationPlatforms) = preSolution
		Debug|Any CPU = Debug|Any CPU
		Release|Any CPU = Release|Any CPU
	EndGlobalSection
	GlobalSection(ProjectConfigurationPlatforms) = postSolution
		{DB537D1A-7A29-44C9-B4AA-4273278D5921}.Debug|Any CPU.ActiveCfg = Debug|Any CPU
		{DB537D1A-7A29-44C9-B4AA-4273278D5921}.Debug|Any CPU.Build.0 = Debug|Any CPU
		{DB537D1A-7A29-44C9-B4AA-4273278D5921}.Release|Any CPU.ActiveCfg = Release|Any CPU
		{DB537D1A-7A29-44C9-B4AA-4273278D5921}.Release|Any CPU.Build.0 = Release|Any CPU
	EndGlobalSection
	GlobalSection(SolutionProperties) = preSolution
		HideSolutionNode = FALSE
	EndGlobalSection
	GlobalSection(ExtensibilityGlobals) = postSolution
		SolutionGuid = {DC72030B-0838-4041-834C-EBC31FEDB809}
	EndGlobalSection
EndGlobal
