
Microsoft Visual Studio Solution File, Format Version 12.00
# Visual Studio Version 16
VisualStudioVersion = 16.0.33927.289
MinimumVisualStudioVersion = 10.0.40219.1
Project("{FAE04EC0-301F-11D3-BF4B-00C04F79EFBC}") = "Assignment_03", "Assignment_03\Assignment_03.csproj", "{875E53C7-77E6-4B4F-BDD3-42B042D98046}"
EndProject
Global
	GlobalSection(SolutionConfigurationPlatforms) = preSolution
		Debug|Any CPU = Debug|Any CPU
		Release|Any CPU = Release|Any CPU
	EndGlobalSection
	GlobalSection(ProjectConfigurationPlatforms) = postSolution
		{875E53C7-77E6-4B4F-BDD3-42B042D98046}.Debug|Any CPU.ActiveCfg = Debug|Any CPU
		{875E53C7-77E6-4B4F-BDD3-42B042D98046}.Debug|Any CPU.Build.0 = Debug|Any CPU
		{875E53C7-77E6-4B4F-BDD3-42B042D98046}.Release|Any CPU.ActiveCfg = Release|Any CPU
		{875E53C7-77E6-4B4F-BDD3-42B042D98046}.Release|Any CPU.Build.0 = Release|Any CPU
	EndGlobalSection
	GlobalSection(SolutionProperties) = preSolution
		HideSolutionNode = FALSE
	EndGlobalSection
	GlobalSection(ExtensibilityGlobals) = postSolution
		SolutionGuid = {A678564E-185E-4112-A6BB-DE181BC8275B}
	EndGlobalSection
EndGlobal
